
Microsoft Visual Studio Solution File, Format Version 12.00
# Visual Studio Version 16
VisualStudioVersion = 16.0.30413.136
MinimumVisualStudioVersion = 10.0.40219.1
Project("{FAE04EC0-301F-11D3-BF4B-00C04F79EFBC}") = "G1ANT.Addon.GoogleDocs", "G1ANT.Addon.GoogleDocs\G1ANT.Addon.GoogleDocs.csproj", "{5A6E726B-4BDE-470B-863F-114320914C9B}"
EndProject
Project("{FAE04EC0-301F-11D3-BF4B-00C04F79EFBC}") = "G1ANT.Addon.GoogleDocs.Tests", "G1ANT.Addon.GoogleDocs.Tests\G1ANT.Addon.GoogleDocs.Tests.csproj", "{F7337DE7-7BEE-4163-9398-612F6737E03E}"
EndProject
Global
	GlobalSection(SolutionConfigurationPlatforms) = preSolution
		Debug|Any CPU = Debug|Any CPU
		Release|Any CPU = Release|Any CPU
	EndGlobalSection
	GlobalSection(ProjectConfigurationPlatforms) = postSolution
		{5A6E726B-4BDE-470B-863F-114320914C9B}.Debug|Any CPU.ActiveCfg = Debug|Any CPU
		{5A6E726B-4BDE-470B-863F-114320914C9B}.Debug|Any CPU.Build.0 = Debug|Any CPU
		{5A6E726B-4BDE-470B-863F-114320914C9B}.Release|Any CPU.ActiveCfg = Release|Any CPU
		{5A6E726B-4BDE-470B-863F-114320914C9B}.Release|Any CPU.Build.0 = Release|Any CPU
		{F7337DE7-7BEE-4163-9398-612F6737E03E}.Debug|Any CPU.ActiveCfg = Debug|Any CPU
		{F7337DE7-7BEE-4163-9398-612F6737E03E}.Release|Any CPU.ActiveCfg = Release|Any CPU
	EndGlobalSection
	GlobalSection(SolutionProperties) = preSolution
		HideSolutionNode = FALSE
	EndGlobalSection
	GlobalSection(ExtensibilityGlobals) = postSolution
		SolutionGuid = {25442E18-3F96-44AF-88E3-A3FA3C78116B}
	EndGlobalSection
EndGlobal
